
Microsoft Visual Studio Solution File, Format Version 12.00
# Visual Studio Version 17
VisualStudioVersion = 17.9.34723.18
MinimumVisualStudioVersion = 10.0.40219.1
Project("{9A19103F-16F7-4668-BE54-9A1E7A4F7556}") = "MatrimonialCapstoneApplication", "MatrimonialCapstoneApplication\MatrimonialCapstoneApplication.csproj", "{575CB106-3718-4EA9-9E2A-2B66C63AA00F}"
EndProject
Project("{FAE04EC0-301F-11D3-BF4B-00C04F79EFBC}") = "MatrimonialCapstoneTest", "MatrimonialCapstoneTest\MatrimonialCapstoneTest.csproj", "{D9F5790F-B6CD-412F-8100-D5BDB52FF1BF}"
EndProject
Global
	GlobalSection(SolutionConfigurationPlatforms) = preSolution
		Debug|Any CPU = Debug|Any CPU
		Release|Any CPU = Release|Any CPU
	EndGlobalSection
	GlobalSection(ProjectConfigurationPlatforms) = postSolution
		{575CB106-3718-4EA9-9E2A-2B66C63AA00F}.Debug|Any CPU.ActiveCfg = Debug|Any CPU
		{575CB106-3718-4EA9-9E2A-2B66C63AA00F}.Debug|Any CPU.Build.0 = Debug|Any CPU
		{575CB106-3718-4EA9-9E2A-2B66C63AA00F}.Release|Any CPU.ActiveCfg = Release|Any CPU
		{575CB106-3718-4EA9-9E2A-2B66C63AA00F}.Release|Any CPU.Build.0 = Release|Any CPU
		{D9F5790F-B6CD-412F-8100-D5BDB52FF1BF}.Debug|Any CPU.ActiveCfg = Debug|Any CPU
		{D9F5790F-B6CD-412F-8100-D5BDB52FF1BF}.Debug|Any CPU.Build.0 = Debug|Any CPU
		{D9F5790F-B6CD-412F-8100-D5BDB52FF1BF}.Release|Any CPU.ActiveCfg = Release|Any CPU
		{D9F5790F-B6CD-412F-8100-D5BDB52FF1BF}.Release|Any CPU.Build.0 = Release|Any CPU
	EndGlobalSection
	GlobalSection(SolutionProperties) = preSolution
		HideSolutionNode = FALSE
	EndGlobalSection
	GlobalSection(ExtensibilityGlobals) = postSolution
		SolutionGuid = {2D868D6C-9E8F-4B14-9538-E7551F77626D}
	EndGlobalSection
EndGlobal
